// !$*UTF8*$!
{
	archiveVersion = 1;
	classes = {
	};
	objectVersion = 46;
	objects = {

/* Begin PBXBuildFile section */
		58831F771CF732C600C13715 /* main.m in Sources */ = {isa = PBXBuildFile; fileRef = 58831F761CF732C600C13715 /* main.m */; };
		58831F7A1CF732C600C13715 /* AppDelegate.m in Sources */ = {isa = PBXBuildFile; fileRef = 58831F791CF732C600C13715 /* AppDelegate.m */; };
		58831F7D1CF732C600C13715 /* ViewController.m in Sources */ = {isa = PBXBuildFile; fileRef = 58831F7C1CF732C600C13715 /* ViewController.m */; };
		58831F821CF732C600C13715 /* Assets.xcassets in Resources */ = {isa = PBXBuildFile; fileRef = 58831F811CF732C600C13715 /* Assets.xcassets */; };
		58831F851CF732C600C13715 /* LaunchScreen.storyboard in Resources */ = {isa = PBXBuildFile; fileRef = 58831F831CF732C600C13715 /* LaunchScreen.storyboard */; };
		58831F941CF7335B00C13715 /* MASCompositeConstraint+FlattenLayout.m in Sources */ = {isa = PBXBuildFile; fileRef = 58831F8E1CF7335B00C13715 /* MASCompositeConstraint+FlattenLayout.m */; };
		58831F951CF7335B00C13715 /* MASConstraint+FlattenLayout.m in Sources */ = {isa = PBXBuildFile; fileRef = 58831F901CF7335B00C13715 /* MASConstraint+FlattenLayout.m */; };
		58831F961CF7335B00C13715 /* MASViewConstraint+FlattenLayout.m in Sources */ = {isa = PBXBuildFile; fileRef = 58831F931CF7335B00C13715 /* MASViewConstraint+FlattenLayout.m */; };
/* End PBXBuildFile section */

/* Begin PBXFileReference section */
		58831F721CF732C600C13715 /* FlattenLayout.app */ = {isa = PBXFileReference; explicitFileType = wrapper.application; includeInIndex = 0; path = FlattenLayout.app; sourceTree = BUILT_PRODUCTS_DIR; };
		58831F761CF732C600C13715 /* main.m */ = {isa = PBXFileReference; lastKnownFileType = sourcecode.c.objc; path = main.m; sourceTree = "<group>"; };
		58831F781CF732C600C13715 /* AppDelegate.h */ = {isa = PBXFileReference; lastKnownFileType = sourcecode.c.h; path = AppDelegate.h; sourceTree = "<group>"; };
		58831F791CF732C600C13715 /* AppDelegate.m */ = {isa = PBXFileReference; lastKnownFileType = sourcecode.c.objc; path = AppDelegate.m; sourceTree = "<group>"; };
		58831F7B1CF732C600C13715 /* ViewController.h */ = {isa = PBXFileReference; lastKnownFileType = sourcecode.c.h; path = ViewController.h; sourceTree = "<group>"; };
		58831F7C1CF732C600C13715 /* ViewController.m */ = {isa = PBXFileReference; lastKnownFileType = sourcecode.c.objc; path = ViewController.m; sourceTree = "<group>"; };
		58831F811CF732C600C13715 /* Assets.xcassets */ = {isa = PBXFileReference; lastKnownFileType = folder.assetcatalog; path = Assets.xcassets; sourceTree = "<group>"; };
		58831F841CF732C600C13715 /* Base */ = {isa = PBXFileReference; lastKnownFileType = file.storyboard; name = Base; path = Base.lproj/LaunchScreen.storyboard; sourceTree = "<group>"; };
		58831F861CF732C600C13715 /* Info.plist */ = {isa = PBXFileReference; lastKnownFileType = text.plist.xml; path = Info.plist; sourceTree = "<group>"; };
		58831F8D1CF7335B00C13715 /* MASCompositeConstraint+FlattenLayout.h */ = {isa = PBXFileReference; fileEncoding = 4; lastKnownFileType = sourcecode.c.h; path = "MASCompositeConstraint+FlattenLayout.h"; sourceTree = "<group>"; };
		58831F8E1CF7335B00C13715 /* MASCompositeConstraint+FlattenLayout.m */ = {isa = PBXFileReference; fileEncoding = 4; lastKnownFileType = sourcecode.c.objc; path = "MASCompositeConstraint+FlattenLayout.m"; sourceTree = "<group>"; };
		58831F8F1CF7335B00C13715 /* MASConstraint+FlattenLayout.h */ = {isa = PBXFileReference; fileEncoding = 4; lastKnownFileType = sourcecode.c.h; path = "MASConstraint+FlattenLayout.h"; sourceTree = "<group>"; };
		58831F901CF7335B00C13715 /* MASConstraint+FlattenLayout.m */ = {isa = PBXFileReference; fileEncoding = 4; lastKnownFileType = sourcecode.c.objc; path = "MASConstraint+FlattenLayout.m"; sourceTree = "<group>"; };
		58831F911CF7335B00C13715 /* Masonry+FlattenLayout.h */ = {isa = PBXFileReference; fileEncoding = 4; lastKnownFileType = sourcecode.c.h; path = "Masonry+FlattenLayout.h"; sourceTree = "<group>"; };
		58831F921CF7335B00C13715 /* MASViewConstraint+FlattenLayout.h */ = {isa = PBXFileReference; fileEncoding = 4; lastKnownFileType = sourcecode.c.h; path = "MASViewConstraint+FlattenLayout.h"; sourceTree = "<group>"; };
		58831F931CF7335B00C13715 /* MASViewConstraint+FlattenLayout.m */ = {isa = PBXFileReference; fileEncoding = 4; lastKnownFileType = sourcecode.c.objc; path = "MASViewConstraint+FlattenLayout.m"; sourceTree = "<group>"; };
/* End PBXFileReference section */

/* Begin PBXFrameworksBuildPhase section */
		58831F6F1CF732C600C13715 /* Frameworks */ = {
			isa = PBXFrameworksBuildPhase;
			buildActionMask = 2147483647;
			files = (
			);
			runOnlyForDeploymentPostprocessing = 0;
		};
/* End PBXFrameworksBuildPhase section */

/* Begin PBXGroup section */
		58831F691CF732C600C13715 = {
			isa = PBXGroup;
			children = (
				58831F8C1CF7335B00C13715 /* Masonry+FlattenLayout */,
				58831F741CF732C600C13715 /* FlattenLayout */,
				58831F731CF732C600C13715 /* Products */,
			);
			sourceTree = "<group>";
		};
		58831F731CF732C600C13715 /* Products */ = {
			isa = PBXGroup;
			children = (
				58831F721CF732C600C13715 /* FlattenLayout.app */,
			);
			name = Products;
			sourceTree = "<group>";
		};
		58831F741CF732C600C13715 /* FlattenLayout */ = {
			isa = PBXGroup;
			children = (
				58831F781CF732C600C13715 /* AppDelegate.h */,
				58831F791CF732C600C13715 /* AppDelegate.m */,
				58831F7B1CF732C600C13715 /* ViewController.h */,
				58831F7C1CF732C600C13715 /* ViewController.m */,
				58831F811CF732C600C13715 /* Assets.xcassets */,
				58831F831CF732C600C13715 /* LaunchScreen.storyboard */,
				58831F861CF732C600C13715 /* Info.plist */,
				58831F751CF732C600C13715 /* Supporting Files */,
			);
			path = FlattenLayout;
			sourceTree = "<group>";
		};
		58831F751CF732C600C13715 /* Supporting Files */ = {
			isa = PBXGroup;
			children = (
				58831F761CF732C600C13715 /* main.m */,
			);
			name = "Supporting Files";
			sourceTree = "<group>";
		};
		58831F8C1CF7335B00C13715 /* Masonry+FlattenLayout */ = {
			isa = PBXGroup;
			children = (
				58831F8D1CF7335B00C13715 /* MASCompositeConstraint+FlattenLayout.h */,
				58831F8E1CF7335B00C13715 /* MASCompositeConstraint+FlattenLayout.m */,
				58831F8F1CF7335B00C13715 /* MASConstraint+FlattenLayout.h */,
				58831F901CF7335B00C13715 /* MASConstraint+FlattenLayout.m */,
				58831F911CF7335B00C13715 /* Masonry+FlattenLayout.h */,
				58831F921CF7335B00C13715 /* MASViewConstraint+FlattenLayout.h */,
				58831F931CF7335B00C13715 /* MASViewConstraint+FlattenLayout.m */,
			);
			path = "Masonry+FlattenLayout";
			sourceTree = "<group>";
		};
/* End PBXGroup section */

/* Begin PBXNativeTarget section */
		58831F711CF732C600C13715 /* FlattenLayout */ = {
			isa = PBXNativeTarget;
			buildConfigurationList = 58831F891CF732C600C13715 /* Build configuration list for PBXNativeTarget "FlattenLayout" */;
			buildPhases = (
				58831F6E1CF732C600C13715 /* Sources */,
				58831F6F1CF732C600C13715 /* Frameworks */,
				58831F701CF732C600C13715 /* Resources */,
			);
			buildRules = (
			);
			dependencies = (
			);
			name = FlattenLayout;
			productName = FlattenLayout;
			productReference = 58831F721CF732C600C13715 /* FlattenLayout.app */;
			productType = "com.apple.product-type.application";
		};
/* End PBXNativeTarget section */

/* Begin PBXProject section */
		58831F6A1CF732C600C13715 /* Project object */ = {
			isa = PBXProject;
			attributes = {
				LastUpgradeCheck = 0730;
				ORGANIZATIONNAME = doggy;
				TargetAttributes = {
					58831F711CF732C600C13715 = {
						CreatedOnToolsVersion = 7.3.1;
						DevelopmentTeam = H6WXA7DWZ5;
					};
				};
			};
			buildConfigurationList = 58831F6D1CF732C600C13715 /* Build configuration list for PBXProject "FlattenLayout" */;
			compatibilityVersion = "Xcode 3.2";
			developmentRegion = English;
			hasScannedForEncodings = 0;
			knownRegions = (
				en,
				Base,
			);
			mainGroup = 58831F691CF732C600C13715;
			productRefGroup = 58831F731CF732C600C13715 /* Products */;
			projectDirPath = "";
			projectRoot = "";
			targets = (
				58831F711CF732C600C13715 /* FlattenLayout */,
			);
		};
/* End PBXProject section */

/* Begin PBXResourcesBuildPhase section */
		58831F701CF732C600C13715 /* Resources */ = {
			isa = PBXResourcesBuildPhase;
			buildActionMask = 2147483647;
			files = (
				58831F851CF732C600C13715 /* LaunchScreen.storyboard in Resources */,
				58831F821CF732C600C13715 /* Assets.xcassets in Resources */,
			);
			runOnlyForDeploymentPostprocessing = 0;
		};
/* End PBXResourcesBuildPhase section */

/* Begin PBXSourcesBuildPhase section */
		58831F6E1CF732C600C13715 /* Sources */ = {
			isa = PBXSourcesBuildPhase;
			buildActionMask = 2147483647;
			files = (
				58831F7D1CF732C600C13715 /* ViewController.m in Sources */,
				58831F941CF7335B00C13715 /* MASCompositeConstraint+FlattenLayout.m in Sources */,
				58831F961CF7335B00C13715 /* MASViewConstraint+FlattenLayout.m in Sources */,
				58831F951CF7335B00C13715 /* MASConstraint+FlattenLayout.m in Sources */,
				58831F7A1CF732C600C13715 /* AppDelegate.m in Sources */,
				58831F771CF732C600C13715 /* main.m in Sources */,
			);
			runOnlyForDeploymentPostprocessing = 0;
		};
/* End PBXSourcesBuildPhase section */

/* Begin PBXVariantGroup section */
		58831F831CF732C600C13715 /* LaunchScreen.storyboard */ = {
			isa = PBXVariantGroup;
			children = (
				58831F841CF732C600C13715 /* Base */,
			);
			name = LaunchScreen.storyboard;
			sourceTree = "<group>";
		};
/* End PBXVariantGroup section */

/* Begin XCBuildConfiguration section */
		58831F871CF732C600C13715 /* Debug */ = {
			isa = XCBuildConfiguration;
			buildSettings = {
				ALWAYS_SEARCH_USER_PATHS = NO;
				CLANG_ANALYZER_NONNULL = YES;
				CLANG_CXX_LANGUAGE_STANDARD = "gnu++0x";
				CLANG_CXX_LIBRARY = "libc++";
				CLANG_ENABLE_MODULES = YES;
				CLANG_ENABLE_OBJC_ARC = YES;
				CLANG_WARN_BOOL_CONVERSION = YES;
				CLANG_WARN_CONSTANT_CONVERSION = YES;
				CLANG_WARN_DIRECT_OBJC_ISA_USAGE = YES_ERROR;
				CLANG_WARN_EMPTY_BODY = YES;
				CLANG_WARN_ENUM_CONVERSION = YES;
				CLANG_WARN_INT_CONVERSION = YES;
				CLANG_WARN_OBJC_ROOT_CLASS = YES_ERROR;
				CLANG_WARN_UNREACHABLE_CODE = YES;
				CLANG_WARN__DUPLICATE_METHOD_MATCH = YES;
				"CODE_SIGN_IDENTITY[sdk=iphoneos*]" = "iPhone Developer";
				COPY_PHASE_STRIP = NO;
				DEBUG_INFORMATION_FORMAT = dwarf;
				ENABLE_STRICT_OBJC_MSGSEND = YES;
				ENABLE_TESTABILITY = YES;
				GCC_C_LANGUAGE_STANDARD = gnu99;
				GCC_DYNAMIC_NO_PIC = NO;
				GCC_NO_COMMON_BLOCKS = YES;
				GCC_OPTIMIZATION_LEVEL = 0;
				GCC_PREPROCESSOR_DEFINITIONS = (
					"DEBUG=1",
					"$(inherited)",
				);
				GCC_WARN_64_TO_32_BIT_CONVERSION = YES;
				GCC_WARN_ABOUT_RETURN_TYPE = YES_ERROR;
				GCC_WARN_UNDECLARED_SELECTOR = YES;
				GCC_WARN_UNINITIALIZED_AUTOS = YES_AGGRESSIVE;
				GCC_WARN_UNUSED_FUNCTION = YES;
				GCC_WARN_UNUSED_VARIABLE = YES;
				IPHONEOS_DEPLOYMENT_TARGET = 9.3;
				MTL_ENABLE_DEBUG_INFO = YES;
				ONLY_ACTIVE_ARCH = YES;
				SDKROOT = iphoneos;
			};
			name = Debug;
		};
		58831F881CF732C600C13715 /* Release */ = {
			isa = XCBuildConfiguration;
			buildSettings = {
				ALWAYS_SEARCH_USER_PATHS = NO;
				CLANG_ANALYZER_NONNULL = YES;
				CLANG_CXX_LANGUAGE_STANDARD = "gnu++0x";
				CLANG_CXX_LIBRARY = "libc++";
				CLANG_ENABLE_MODULES = YES;
				CLANG_ENABLE_OBJC_ARC = YES;
				CLANG_WARN_BOOL_CONVERSION = YES;
				CLANG_WARN_CONSTANT_CONVERSION = YES;
				CLANG_WARN_DIRECT_OBJC_ISA_USAGE = YES_ERROR;
				CLANG_WARN_EMPTY_BODY = YES;
				CLANG_WARN_ENUM_CONVERSION = YES;
				CLANG_WARN_INT_CONVERSION = YES;
				CLANG_WARN_OBJC_ROOT_CLASS = YES_ERROR;
				CLANG_WARN_UNREACHABLE_CODE = YES;
				CLANG_WARN__DUPLICATE_METHOD_MATCH = YES;
				"CODE_SIGN_IDENTITY[sdk=iphoneos*]" = "iPhone Developer";
				COPY_PHASE_STRIP = NO;
				DEBUG_INFORMATION_FORMAT = "dwarf-with-dsym";
				ENABLE_NS_ASSERTIONS = NO;
				ENABLE_STRICT_OBJC_MSGSEND = YES;
				GCC_C_LANGUAGE_STANDARD = gnu99;
				GCC_NO_COMMON_BLOCKS = YES;
				GCC_WARN_64_TO_32_BIT_CONVERSION = YES;
				GCC_WARN_ABOUT_RETURN_TYPE = YES_ERROR;
				GCC_WARN_UNDECLARED_SELECTOR = YES;
				GCC_WARN_UNINITIALIZED_AUTOS = YES_AGGRESSIVE;
				GCC_WARN_UNUSED_FUNCTION = YES;
				GCC_WARN_UNUSED_VARIABLE = YES;
				IPHONEOS_DEPLOYMENT_TARGET = 9.3;
				MTL_ENABLE_DEBUG_INFO = NO;
				SDKROOT = iphoneos;
				VALIDATE_PRODUCT = YES;
			};
			name = Release;
		};
		58831F8A1CF732C600C13715 /* Debug */ = {
			isa = XCBuildConfiguration;
			buildSettings = {
				ASSETCATALOG_COMPILER_APPICON_NAME = AppIcon;
				INFOPLIST_FILE = FlattenLayout/Info.plist;
				LD_RUNPATH_SEARCH_PATHS = "$(inherited) @executable_path/Frameworks";
				PRODUCT_BUNDLE_IDENTIFIER = doggy.FlattenLayout;
				PRODUCT_NAME = "$(TARGET_NAME)";
			};
			name = Debug;
		};
		58831F8B1CF732C600C13715 /* Release */ = {
			isa = XCBuildConfiguration;
			buildSettings = {
				ASSETCATALOG_COMPILER_APPICON_NAME = AppIcon;
				INFOPLIST_FILE = FlattenLayout/Info.plist;
				LD_RUNPATH_SEARCH_PATHS = "$(inherited) @executable_path/Frameworks";
				PRODUCT_BUNDLE_IDENTIFIER = doggy.FlattenLayout;
				PRODUCT_NAME = "$(TARGET_NAME)";
			};
			name = Release;
		};
/* End XCBuildConfiguration section */

/* Begin XCConfigurationList section */
		58831F6D1CF732C600C13715 /* Build configuration list for PBXProject "FlattenLayout" */ = {
			isa = XCConfigurationList;
			buildConfigurations = (
				58831F871CF732C600C13715 /* Debug */,
				58831F881CF732C600C13715 /* Release */,
			);
			defaultConfigurationIsVisible = 0;
			defaultConfigurationName = Release;
		};
		58831F891CF732C600C13715 /* Build configuration list for PBXNativeTarget "FlattenLayout" */ = {
			isa = XCConfigurationList;
			buildConfigurations = (
				58831F8A1CF732C600C13715 /* Debug */,
				58831F8B1CF732C600C13715 /* Release */,
			);
			defaultConfigurationIsVisible = 0;
		};
/* End XCConfigurationList section */
	};
	rootObject = 58831F6A1CF732C600C13715 /* Project object */;
}
